
Microsoft Visual Studio Solution File, Format Version 11.00
# Visual Studio 2010
Project("{_solutionGuid_}") = "contoso.bank.Site", "contoso.bank.Site\contoso.bank.Site.csproj", "{41287413-8229-44be-934b-f78e6ffa9584}"
EndProject
Global
	GlobalSection(SolutionConfigurationPlatforms) = preSolution
		Debug|Any CPU = Debug|Any CPU
		Release|Any CPU = Release|Any CPU
	EndGlobalSection
	GlobalSection(ProjectConfigurationPlatforms) = postSolution
		{7becd46e-dce3-4541-8676-8dc932d2219b}.Debug|Any CPU.ActiveCfg = Debug|Any CPU
		{7becd46e-dce3-4541-8676-8dc932d2219b}.Debug|Any CPU.Build.0 = Debug|Any CPU
		{7becd46e-dce3-4541-8676-8dc932d2219b}.Release|Any CPU.ActiveCfg = Release|Any CPU
		{7becd46e-dce3-4541-8676-8dc932d2219b}.Release|Any CPU.Build.0 = Release|Any CPU
	EndGlobalSection
	GlobalSection(SolutionProperties) = preSolution
		HideSolutionNode = FALSE
	EndGlobalSection
EndGlobal
